
Microsoft Visual Studio Solution File, Format Version 12.00
# Visual Studio Version 17
VisualStudioVersion = 17.6.33829.357
MinimumVisualStudioVersion = 10.0.40219.1
Project("{2150E333-8FDC-42A3-9474-1A3956D46DE8}") = "src", "src", "{CC2CC825-1635-4608-9490-70FF18DA576E}"
EndProject
Project("{9A19103F-16F7-4668-BE54-9A1E7A4F7556}") = "Helper.Api", "src\Helper.Api\Helper.Api.csproj", "{90B87AA9-2543-46AB-9273-FCBEEC68E826}"
EndProject
Project("{9A19103F-16F7-4668-BE54-9A1E7A4F7556}") = "Helper.Application", "src\Helper.Application\Helper.Application.csproj", "{C28EA9DC-C84F-4639-9AFB-CD7AF78005A3}"
EndProject
Project("{9A19103F-16F7-4668-BE54-9A1E7A4F7556}") = "Helper.Core", "src\Helper.Core\Helper.Core.csproj", "{A5EFE2A0-D463-4503-911A-6970238A0657}"
EndProject
Project("{9A19103F-16F7-4668-BE54-9A1E7A4F7556}") = "Helper.Infrastructure", "src\Helper.Infrastructure\Helper.Infrastructure.csproj", "{7945F19B-84A7-4C4F-AD13-0C738BBE77B6}"
EndProject
Project("{2150E333-8FDC-42A3-9474-1A3956D46DE8}") = "tests", "tests", "{3BB96212-5273-4B6E-9DB8-0B999D5ADD97}"
EndProject
Project("{9A19103F-16F7-4668-BE54-9A1E7A4F7556}") = "Helper.Tests.Integration", "tests\Helper.Tests.Integration\Helper.Tests.Integration.csproj", "{80918F76-E2B9-415B-80B6-06778AFB1434}"
EndProject
Project("{9A19103F-16F7-4668-BE54-9A1E7A4F7556}") = "Helper.Tests.Unit", "tests\Helper.Tests.Unit\Helper.Tests.Unit.csproj", "{FC367CC8-4369-40D9-A15C-C143814E381E}"
EndProject
Global
	GlobalSection(SolutionConfigurationPlatforms) = preSolution
		Debug|Any CPU = Debug|Any CPU
		Release|Any CPU = Release|Any CPU
	EndGlobalSection
	GlobalSection(ProjectConfigurationPlatforms) = postSolution
		{90B87AA9-2543-46AB-9273-FCBEEC68E826}.Debug|Any CPU.ActiveCfg = Debug|Any CPU
		{90B87AA9-2543-46AB-9273-FCBEEC68E826}.Debug|Any CPU.Build.0 = Debug|Any CPU
		{90B87AA9-2543-46AB-9273-FCBEEC68E826}.Release|Any CPU.ActiveCfg = Release|Any CPU
		{90B87AA9-2543-46AB-9273-FCBEEC68E826}.Release|Any CPU.Build.0 = Release|Any CPU
		{C28EA9DC-C84F-4639-9AFB-CD7AF78005A3}.Debug|Any CPU.ActiveCfg = Debug|Any CPU
		{C28EA9DC-C84F-4639-9AFB-CD7AF78005A3}.Debug|Any CPU.Build.0 = Debug|Any CPU
		{C28EA9DC-C84F-4639-9AFB-CD7AF78005A3}.Release|Any CPU.ActiveCfg = Release|Any CPU
		{C28EA9DC-C84F-4639-9AFB-CD7AF78005A3}.Release|Any CPU.Build.0 = Release|Any CPU
		{A5EFE2A0-D463-4503-911A-6970238A0657}.Debug|Any CPU.ActiveCfg = Debug|Any CPU
		{A5EFE2A0-D463-4503-911A-6970238A0657}.Debug|Any CPU.Build.0 = Debug|Any CPU
		{A5EFE2A0-D463-4503-911A-6970238A0657}.Release|Any CPU.ActiveCfg = Release|Any CPU
		{A5EFE2A0-D463-4503-911A-6970238A0657}.Release|Any CPU.Build.0 = Release|Any CPU
		{7945F19B-84A7-4C4F-AD13-0C738BBE77B6}.Debug|Any CPU.ActiveCfg = Debug|Any CPU
		{7945F19B-84A7-4C4F-AD13-0C738BBE77B6}.Debug|Any CPU.Build.0 = Debug|Any CPU
		{7945F19B-84A7-4C4F-AD13-0C738BBE77B6}.Release|Any CPU.ActiveCfg = Release|Any CPU
		{7945F19B-84A7-4C4F-AD13-0C738BBE77B6}.Release|Any CPU.Build.0 = Release|Any CPU
		{80918F76-E2B9-415B-80B6-06778AFB1434}.Debug|Any CPU.ActiveCfg = Debug|Any CPU
		{80918F76-E2B9-415B-80B6-06778AFB1434}.Debug|Any CPU.Build.0 = Debug|Any CPU
		{80918F76-E2B9-415B-80B6-06778AFB1434}.Release|Any CPU.ActiveCfg = Release|Any CPU
		{80918F76-E2B9-415B-80B6-06778AFB1434}.Release|Any CPU.Build.0 = Release|Any CPU
		{FC367CC8-4369-40D9-A15C-C143814E381E}.Debug|Any CPU.ActiveCfg = Debug|Any CPU
		{FC367CC8-4369-40D9-A15C-C143814E381E}.Debug|Any CPU.Build.0 = Debug|Any CPU
		{FC367CC8-4369-40D9-A15C-C143814E381E}.Release|Any CPU.ActiveCfg = Release|Any CPU
		{FC367CC8-4369-40D9-A15C-C143814E381E}.Release|Any CPU.Build.0 = Release|Any CPU
	EndGlobalSection
	GlobalSection(SolutionProperties) = preSolution
		HideSolutionNode = FALSE
	EndGlobalSection
	GlobalSection(NestedProjects) = preSolution
		{90B87AA9-2543-46AB-9273-FCBEEC68E826} = {CC2CC825-1635-4608-9490-70FF18DA576E}
		{C28EA9DC-C84F-4639-9AFB-CD7AF78005A3} = {CC2CC825-1635-4608-9490-70FF18DA576E}
		{A5EFE2A0-D463-4503-911A-6970238A0657} = {CC2CC825-1635-4608-9490-70FF18DA576E}
		{7945F19B-84A7-4C4F-AD13-0C738BBE77B6} = {CC2CC825-1635-4608-9490-70FF18DA576E}
		{80918F76-E2B9-415B-80B6-06778AFB1434} = {3BB96212-5273-4B6E-9DB8-0B999D5ADD97}
		{FC367CC8-4369-40D9-A15C-C143814E381E} = {3BB96212-5273-4B6E-9DB8-0B999D5ADD97}
	EndGlobalSection
	GlobalSection(ExtensibilityGlobals) = postSolution
		SolutionGuid = {B2B17F33-96A8-42F1-93BB-75B99FEE926F}
	EndGlobalSection
EndGlobal
